
Microsoft Visual Studio Solution File, Format Version 12.00
# Visual Studio Version 17
VisualStudioVersion = 17.1.32210.238
MinimumVisualStudioVersion = 10.0.40219.1
Project("{9A19103F-16F7-4668-BE54-9A1E7A4F7556}") = "Task1_DelDirectory", "Task1_DelDirectory\Task1_DelDirectory.csproj", "{036E0815-A9C2-492B-BC32-23719CD9A620}"
EndProject
Project("{9A19103F-16F7-4668-BE54-9A1E7A4F7556}") = "Task2_VolumeInfo", "Task2_ValueInfo\Task2_VolumeInfo.csproj", "{8BB06BF8-CD2F-4160-AD1D-EF53AEBBC17E}"
EndProject
Project("{9A19103F-16F7-4668-BE54-9A1E7A4F7556}") = "Task3", "Task3\Task3.csproj", "{D3EB92B7-431B-4F07-AEDA-625A0F6541E9}"
	ProjectSection(ProjectDependencies) = postProject
		{036E0815-A9C2-492B-BC32-23719CD9A620} = {036E0815-A9C2-492B-BC32-23719CD9A620}
		{8BB06BF8-CD2F-4160-AD1D-EF53AEBBC17E} = {8BB06BF8-CD2F-4160-AD1D-EF53AEBBC17E}
	EndProjectSection
EndProject
Global
	GlobalSection(SolutionConfigurationPlatforms) = preSolution
		Debug|Any CPU = Debug|Any CPU
		Release|Any CPU = Release|Any CPU
	EndGlobalSection
	GlobalSection(ProjectConfigurationPlatforms) = postSolution
		{036E0815-A9C2-492B-BC32-23719CD9A620}.Debug|Any CPU.ActiveCfg = Debug|Any CPU
		{036E0815-A9C2-492B-BC32-23719CD9A620}.Debug|Any CPU.Build.0 = Debug|Any CPU
		{036E0815-A9C2-492B-BC32-23719CD9A620}.Release|Any CPU.ActiveCfg = Release|Any CPU
		{036E0815-A9C2-492B-BC32-23719CD9A620}.Release|Any CPU.Build.0 = Release|Any CPU
		{8BB06BF8-CD2F-4160-AD1D-EF53AEBBC17E}.Debug|Any CPU.ActiveCfg = Debug|Any CPU
		{8BB06BF8-CD2F-4160-AD1D-EF53AEBBC17E}.Debug|Any CPU.Build.0 = Debug|Any CPU
		{8BB06BF8-CD2F-4160-AD1D-EF53AEBBC17E}.Release|Any CPU.ActiveCfg = Release|Any CPU
		{8BB06BF8-CD2F-4160-AD1D-EF53AEBBC17E}.Release|Any CPU.Build.0 = Release|Any CPU
		{D3EB92B7-431B-4F07-AEDA-625A0F6541E9}.Debug|Any CPU.ActiveCfg = Debug|Any CPU
		{D3EB92B7-431B-4F07-AEDA-625A0F6541E9}.Debug|Any CPU.Build.0 = Debug|Any CPU
		{D3EB92B7-431B-4F07-AEDA-625A0F6541E9}.Release|Any CPU.ActiveCfg = Release|Any CPU
		{D3EB92B7-431B-4F07-AEDA-625A0F6541E9}.Release|Any CPU.Build.0 = Release|Any CPU
	EndGlobalSection
	GlobalSection(SolutionProperties) = preSolution
		HideSolutionNode = FALSE
	EndGlobalSection
	GlobalSection(ExtensibilityGlobals) = postSolution
		SolutionGuid = {AFD21E70-CEBF-4340-8777-88D1A14AB019}
	EndGlobalSection
EndGlobal
